{
  "name": "ar-viewer-deployer",
  "version": "1.0.0",
  "lockfileVersion": 1,
  "requires": true,
  "dependencies": {
    "@grapecity/ar-viewer": {
      "version": "15.0.0",
      "resolved": "http://npm.grapecitydev.com/@grapecity%2far-viewer/-/ar-viewer-15.0.0.tgz",
      "integrity": "sha512-PZvLPbel6comZyhIH5Uc2bPZ3RLRH64u06vxV+AYs47X75wmA6XBjx6/0NQy4GRPVfKPuf78iOkOEk4mdyDKBg==",
      "dev": true
    },
    "ncp": {
      "version": "2.0.0",
      "resolved": "https://registry.npmjs.org/ncp/-/ncp-2.0.0.tgz",
      "integrity": "sha1-GVoh1sRuNh0vsSgbo4uR6d9727M=",
      "dev": true
    }
  }
}
